// !$*UTF8*$!
{
	archiveVersion = 1;
	classes = {
	};
	objectVersion = 46;
	objects = {

/* Begin PBXBuildFile section */
		178D75101D51210000D52600 /* AppDelegate.swift in Sources */ = {isa = PBXBuildFile; fileRef = 178D750F1D51210000D52600 /* AppDelegate.swift */; };
		178D75121D51210000D52600 /* ViewController.swift in Sources */ = {isa = PBXBuildFile; fileRef = 178D75111D51210000D52600 /* ViewController.swift */; };
		178D75151D51210000D52600 /* Main.storyboard in Resources */ = {isa = PBXBuildFile; fileRef = 178D75131D51210000D52600 /* Main.storyboard */; };
		178D75171D51210000D52600 /* Assets.xcassets in Resources */ = {isa = PBXBuildFile; fileRef = 178D75161D51210000D52600 /* Assets.xcassets */; };
		178D751A1D51210000D52600 /* LaunchScreen.storyboard in Resources */ = {isa = PBXBuildFile; fileRef = 178D75181D51210000D52600 /* LaunchScreen.storyboard */; };
		178D75251D51210000D52600 /* EvoCalcTests.swift in Sources */ = {isa = PBXBuildFile; fileRef = 178D75241D51210000D52600 /* EvoCalcTests.swift */; };
		178D75301D51210000D52600 /* EvoCalcUITests.swift in Sources */ = {isa = PBXBuildFile; fileRef = 178D752F1D51210000D52600 /* EvoCalcUITests.swift */; };
/* End PBXBuildFile section */

/* Begin PBXContainerItemProxy section */
		178D75211D51210000D52600 /* PBXContainerItemProxy */ = {
			isa = PBXContainerItemProxy;
			containerPortal = 178D75041D51210000D52600 /* Project object */;
			proxyType = 1;
			remoteGlobalIDString = 178D750B1D51210000D52600;
			remoteInfo = EvoCalc;
		};
		178D752C1D51210000D52600 /* PBXContainerItemProxy */ = {
			isa = PBXContainerItemProxy;
			containerPortal = 178D75041D51210000D52600 /* Project object */;
			proxyType = 1;
			remoteGlobalIDString = 178D750B1D51210000D52600;
			remoteInfo = EvoCalc;
		};
/* End PBXContainerItemProxy section */

/* Begin PBXFileReference section */
		178D750C1D51210000D52600 /* EvoCalc.app */ = {isa = PBXFileReference; explicitFileType = wrapper.application; includeInIndex = 0; path = EvoCalc.app; sourceTree = BUILT_PRODUCTS_DIR; };
		178D750F1D51210000D52600 /* AppDelegate.swift */ = {isa = PBXFileReference; lastKnownFileType = sourcecode.swift; path = AppDelegate.swift; sourceTree = "<group>"; };
		178D75111D51210000D52600 /* ViewController.swift */ = {isa = PBXFileReference; lastKnownFileType = sourcecode.swift; path = ViewController.swift; sourceTree = "<group>"; };
		178D75141D51210000D52600 /* Base */ = {isa = PBXFileReference; lastKnownFileType = file.storyboard; name = Base; path = Base.lproj/Main.storyboard; sourceTree = "<group>"; };
		178D75161D51210000D52600 /* Assets.xcassets */ = {isa = PBXFileReference; lastKnownFileType = folder.assetcatalog; path = Assets.xcassets; sourceTree = "<group>"; };
		178D75191D51210000D52600 /* Base */ = {isa = PBXFileReference; lastKnownFileType = file.storyboard; name = Base; path = Base.lproj/LaunchScreen.storyboard; sourceTree = "<group>"; };
		178D751B1D51210000D52600 /* Info.plist */ = {isa = PBXFileReference; lastKnownFileType = text.plist.xml; path = Info.plist; sourceTree = "<group>"; };
		178D75201D51210000D52600 /* EvoCalcTests.xctest */ = {isa = PBXFileReference; explicitFileType = wrapper.cfbundle; includeInIndex = 0; path = EvoCalcTests.xctest; sourceTree = BUILT_PRODUCTS_DIR; };
		178D75241D51210000D52600 /* EvoCalcTests.swift */ = {isa = PBXFileReference; lastKnownFileType = sourcecode.swift; path = EvoCalcTests.swift; sourceTree = "<group>"; };
		178D75261D51210000D52600 /* Info.plist */ = {isa = PBXFileReference; lastKnownFileType = text.plist.xml; path = Info.plist; sourceTree = "<group>"; };
		178D752B1D51210000D52600 /* EvoCalcUITests.xctest */ = {isa = PBXFileReference; explicitFileType = wrapper.cfbundle; includeInIndex = 0; path = EvoCalcUITests.xctest; sourceTree = BUILT_PRODUCTS_DIR; };
		178D752F1D51210000D52600 /* EvoCalcUITests.swift */ = {isa = PBXFileReference; lastKnownFileType = sourcecode.swift; path = EvoCalcUITests.swift; sourceTree = "<group>"; };
		178D75311D51210000D52600 /* Info.plist */ = {isa = PBXFileReference; lastKnownFileType = text.plist.xml; path = Info.plist; sourceTree = "<group>"; };
/* End PBXFileReference section */

/* Begin PBXFrameworksBuildPhase section */
		178D75091D51210000D52600 /* Frameworks */ = {
			isa = PBXFrameworksBuildPhase;
			buildActionMask = 2147483647;
			files = (
			);
			runOnlyForDeploymentPostprocessing = 0;
		};
		178D751D1D51210000D52600 /* Frameworks */ = {
			isa = PBXFrameworksBuildPhase;
			buildActionMask = 2147483647;
			files = (
			);
			runOnlyForDeploymentPostprocessing = 0;
		};
		178D75281D51210000D52600 /* Frameworks */ = {
			isa = PBXFrameworksBuildPhase;
			buildActionMask = 2147483647;
			files = (
			);
			runOnlyForDeploymentPostprocessing = 0;
		};
/* End PBXFrameworksBuildPhase section */

/* Begin PBXGroup section */
		178D75031D51210000D52600 = {
			isa = PBXGroup;
			children = (
				178D750E1D51210000D52600 /* EvoCalc */,
				178D75231D51210000D52600 /* EvoCalcTests */,
				178D752E1D51210000D52600 /* EvoCalcUITests */,
				178D750D1D51210000D52600 /* Products */,
			);
			sourceTree = "<group>";
		};
		178D750D1D51210000D52600 /* Products */ = {
			isa = PBXGroup;
			children = (
				178D750C1D51210000D52600 /* EvoCalc.app */,
				178D75201D51210000D52600 /* EvoCalcTests.xctest */,
				178D752B1D51210000D52600 /* EvoCalcUITests.xctest */,
			);
			name = Products;
			sourceTree = "<group>";
		};
		178D750E1D51210000D52600 /* EvoCalc */ = {
			isa = PBXGroup;
			children = (
				178D750F1D51210000D52600 /* AppDelegate.swift */,
				178D75111D51210000D52600 /* ViewController.swift */,
				178D75131D51210000D52600 /* Main.storyboard */,
				178D75161D51210000D52600 /* Assets.xcassets */,
				178D75181D51210000D52600 /* LaunchScreen.storyboard */,
				178D751B1D51210000D52600 /* Info.plist */,
			);
			path = EvoCalc;
			sourceTree = "<group>";
		};
		178D75231D51210000D52600 /* EvoCalcTests */ = {
			isa = PBXGroup;
			children = (
				178D75241D51210000D52600 /* EvoCalcTests.swift */,
				178D75261D51210000D52600 /* Info.plist */,
			);
			path = EvoCalcTests;
			sourceTree = "<group>";
		};
		178D752E1D51210000D52600 /* EvoCalcUITests */ = {
			isa = PBXGroup;
			children = (
				178D752F1D51210000D52600 /* EvoCalcUITests.swift */,
				178D75311D51210000D52600 /* Info.plist */,
			);
			path = EvoCalcUITests;
			sourceTree = "<group>";
		};
/* End PBXGroup section */

/* Begin PBXNativeTarget section */
		178D750B1D51210000D52600 /* EvoCalc */ = {
			isa = PBXNativeTarget;
			buildConfigurationList = 178D75341D51210000D52600 /* Build configuration list for PBXNativeTarget "EvoCalc" */;
			buildPhases = (
				178D75081D51210000D52600 /* Sources */,
				178D75091D51210000D52600 /* Frameworks */,
				178D750A1D51210000D52600 /* Resources */,
			);
			buildRules = (
			);
			dependencies = (
			);
			name = EvoCalc;
			productName = EvoCalc;
			productReference = 178D750C1D51210000D52600 /* EvoCalc.app */;
			productType = "com.apple.product-type.application";
		};
		178D751F1D51210000D52600 /* EvoCalcTests */ = {
			isa = PBXNativeTarget;
			buildConfigurationList = 178D75371D51210000D52600 /* Build configuration list for PBXNativeTarget "EvoCalcTests" */;
			buildPhases = (
				178D751C1D51210000D52600 /* Sources */,
				178D751D1D51210000D52600 /* Frameworks */,
				178D751E1D51210000D52600 /* Resources */,
			);
			buildRules = (
			);
			dependencies = (
				178D75221D51210000D52600 /* PBXTargetDependency */,
			);
			name = EvoCalcTests;
			productName = EvoCalcTests;
			productReference = 178D75201D51210000D52600 /* EvoCalcTests.xctest */;
			productType = "com.apple.product-type.bundle.unit-test";
		};
		178D752A1D51210000D52600 /* EvoCalcUITests */ = {
			isa = PBXNativeTarget;
			buildConfigurationList = 178D753A1D51210000D52600 /* Build configuration list for PBXNativeTarget "EvoCalcUITests" */;
			buildPhases = (
				178D75271D51210000D52600 /* Sources */,
				178D75281D51210000D52600 /* Frameworks */,
				178D75291D51210000D52600 /* Resources */,
			);
			buildRules = (
			);
			dependencies = (
				178D752D1D51210000D52600 /* PBXTargetDependency */,
			);
			name = EvoCalcUITests;
			productName = EvoCalcUITests;
			productReference = 178D752B1D51210000D52600 /* EvoCalcUITests.xctest */;
			productType = "com.apple.product-type.bundle.ui-testing";
		};
/* End PBXNativeTarget section */

/* Begin PBXProject section */
		178D75041D51210000D52600 /* Project object */ = {
			isa = PBXProject;
			attributes = {
				LastSwiftUpdateCheck = 0730;
				LastUpgradeCheck = 0730;
				ORGANIZATIONNAME = "florian schweizer";
				TargetAttributes = {
					178D750B1D51210000D52600 = {
						CreatedOnToolsVersion = 7.3.1;
					};
					178D751F1D51210000D52600 = {
						CreatedOnToolsVersion = 7.3.1;
						TestTargetID = 178D750B1D51210000D52600;
					};
					178D752A1D51210000D52600 = {
						CreatedOnToolsVersion = 7.3.1;
						TestTargetID = 178D750B1D51210000D52600;
					};
				};
			};
			buildConfigurationList = 178D75071D51210000D52600 /* Build configuration list for PBXProject "EvoCalc" */;
			compatibilityVersion = "Xcode 3.2";
			developmentRegion = English;
			hasScannedForEncodings = 0;
			knownRegions = (
				en,
				Base,
			);
			mainGroup = 178D75031D51210000D52600;
			productRefGroup = 178D750D1D51210000D52600 /* Products */;
			projectDirPath = "";
			projectRoot = "";
			targets = (
				178D750B1D51210000D52600 /* EvoCalc */,
				178D751F1D51210000D52600 /* EvoCalcTests */,
				178D752A1D51210000D52600 /* EvoCalcUITests */,
			);
		};
/* End PBXProject section */

/* Begin PBXResourcesBuildPhase section */
		178D750A1D51210000D52600 /* Resources */ = {
			isa = PBXResourcesBuildPhase;
			buildActionMask = 2147483647;
			files = (
				178D751A1D51210000D52600 /* LaunchScreen.storyboard in Resources */,
				178D75171D51210000D52600 /* Assets.xcassets in Resources */,
				178D75151D51210000D52600 /* Main.storyboard in Resources */,
			);
			runOnlyForDeploymentPostprocessing = 0;
		};
		178D751E1D51210000D52600 /* Resources */ = {
			isa = PBXResourcesBuildPhase;
			buildActionMask = 2147483647;
			files = (
			);
			runOnlyForDeploymentPostprocessing = 0;
		};
		178D75291D51210000D52600 /* Resources */ = {
			isa = PBXResourcesBuildPhase;
			buildActionMask = 2147483647;
			files = (
			);
			runOnlyForDeploymentPostprocessing = 0;
		};
/* End PBXResourcesBuildPhase section */

/* Begin PBXSourcesBuildPhase section */
		178D75081D51210000D52600 /* Sources */ = {
			isa = PBXSourcesBuildPhase;
			buildActionMask = 2147483647;
			files = (
				178D75121D51210000D52600 /* ViewController.swift in Sources */,
				178D75101D51210000D52600 /* AppDelegate.swift in Sources */,
			);
			runOnlyForDeploymentPostprocessing = 0;
		};
		178D751C1D51210000D52600 /* Sources */ = {
			isa = PBXSourcesBuildPhase;
			buildActionMask = 2147483647;
			files = (
				178D75251D51210000D52600 /* EvoCalcTests.swift in Sources */,
			);
			runOnlyForDeploymentPostprocessing = 0;
		};
		178D75271D51210000D52600 /* Sources */ = {
			isa = PBXSourcesBuildPhase;
			buildActionMask = 2147483647;
			files = (
				178D75301D51210000D52600 /* EvoCalcUITests.swift in Sources */,
			);
			runOnlyForDeploymentPostprocessing = 0;
		};
/* End PBXSourcesBuildPhase section */

/* Begin PBXTargetDependency section */
		178D75221D51210000D52600 /* PBXTargetDependency */ = {
			isa = PBXTargetDependency;
			target = 178D750B1D51210000D52600 /* EvoCalc */;
			targetProxy = 178D75211D51210000D52600 /* PBXContainerItemProxy */;
		};
		178D752D1D51210000D52600 /* PBXTargetDependency */ = {
			isa = PBXTargetDependency;
			target = 178D750B1D51210000D52600 /* EvoCalc */;
			targetProxy = 178D752C1D51210000D52600 /* PBXContainerItemProxy */;
		};
/* End PBXTargetDependency section */

/* Begin PBXVariantGroup section */
		178D75131D51210000D52600 /* Main.storyboard */ = {
			isa = PBXVariantGroup;
			children = (
				178D75141D51210000D52600 /* Base */,
			);
			name = Main.storyboard;
			sourceTree = "<group>";
		};
		178D75181D51210000D52600 /* LaunchScreen.storyboard */ = {
			isa = PBXVariantGroup;
			children = (
				178D75191D51210000D52600 /* Base */,
			);
			name = LaunchScreen.storyboard;
			sourceTree = "<group>";
		};
/* End PBXVariantGroup section */

/* Begin XCBuildConfiguration section */
		178D75321D51210000D52600 /* Debug */ = {
			isa = XCBuildConfiguration;
			buildSettings = {
				ALWAYS_SEARCH_USER_PATHS = NO;
				CLANG_ANALYZER_NONNULL = YES;
				CLANG_CXX_LANGUAGE_STANDARD = "gnu++0x";
				CLANG_CXX_LIBRARY = "libc++";
				CLANG_ENABLE_MODULES = YES;
				CLANG_ENABLE_OBJC_ARC = YES;
				CLANG_WARN_BOOL_CONVERSION = YES;
				CLANG_WARN_CONSTANT_CONVERSION = YES;
				CLANG_WARN_DIRECT_OBJC_ISA_USAGE = YES_ERROR;
				CLANG_WARN_EMPTY_BODY = YES;
				CLANG_WARN_ENUM_CONVERSION = YES;
				CLANG_WARN_INT_CONVERSION = YES;
				CLANG_WARN_OBJC_ROOT_CLASS = YES_ERROR;
				CLANG_WARN_UNREACHABLE_CODE = YES;
				CLANG_WARN__DUPLICATE_METHOD_MATCH = YES;
				"CODE_SIGN_IDENTITY[sdk=iphoneos*]" = "iPhone Developer";
				COPY_PHASE_STRIP = NO;
				DEBUG_INFORMATION_FORMAT = dwarf;
				ENABLE_STRICT_OBJC_MSGSEND = YES;
				ENABLE_TESTABILITY = YES;
				GCC_C_LANGUAGE_STANDARD = gnu99;
				GCC_DYNAMIC_NO_PIC = NO;
				GCC_NO_COMMON_BLOCKS = YES;
				GCC_OPTIMIZATION_LEVEL = 0;
				GCC_PREPROCESSOR_DEFINITIONS = (
					"DEBUG=1",
					"$(inherited)",
				);
				GCC_WARN_64_TO_32_BIT_CONVERSION = YES;
				GCC_WARN_ABOUT_RETURN_TYPE = YES_ERROR;
				GCC_WARN_UNDECLARED_SELECTOR = YES;
				GCC_WARN_UNINITIALIZED_AUTOS = YES_AGGRESSIVE;
				GCC_WARN_UNUSED_FUNCTION = YES;
				GCC_WARN_UNUSED_VARIABLE = YES;
				IPHONEOS_DEPLOYMENT_TARGET = 9.3;
				MTL_ENABLE_DEBUG_INFO = YES;
				ONLY_ACTIVE_ARCH = YES;
				SDKROOT = iphoneos;
				SWIFT_OPTIMIZATION_LEVEL = "-Onone";
			};
			name = Debug;
		};
		178D75331D51210000D52600 /* Release */ = {
			isa = XCBuildConfiguration;
			buildSettings = {
				ALWAYS_SEARCH_USER_PATHS = NO;
				CLANG_ANALYZER_NONNULL = YES;
				CLANG_CXX_LANGUAGE_STANDARD = "gnu++0x";
				CLANG_CXX_LIBRARY = "libc++";
				CLANG_ENABLE_MODULES = YES;
				CLANG_ENABLE_OBJC_ARC = YES;
				CLANG_WARN_BOOL_CONVERSION = YES;
				CLANG_WARN_CONSTANT_CONVERSION = YES;
				CLANG_WARN_DIRECT_OBJC_ISA_USAGE = YES_ERROR;
				CLANG_WARN_EMPTY_BODY = YES;
				CLANG_WARN_ENUM_CONVERSION = YES;
				CLANG_WARN_INT_CONVERSION = YES;
				CLANG_WARN_OBJC_ROOT_CLASS = YES_ERROR;
				CLANG_WARN_UNREACHABLE_CODE = YES;
				CLANG_WARN__DUPLICATE_METHOD_MATCH = YES;
				"CODE_SIGN_IDENTITY[sdk=iphoneos*]" = "iPhone Developer";
				COPY_PHASE_STRIP = NO;
				DEBUG_INFORMATION_FORMAT = "dwarf-with-dsym";
				ENABLE_NS_ASSERTIONS = NO;
				ENABLE_STRICT_OBJC_MSGSEND = YES;
				GCC_C_LANGUAGE_STANDARD = gnu99;
				GCC_NO_COMMON_BLOCKS = YES;
				GCC_WARN_64_TO_32_BIT_CONVERSION = YES;
				GCC_WARN_ABOUT_RETURN_TYPE = YES_ERROR;
				GCC_WARN_UNDECLARED_SELECTOR = YES;
				GCC_WARN_UNINITIALIZED_AUTOS = YES_AGGRESSIVE;
				GCC_WARN_UNUSED_FUNCTION = YES;
				GCC_WARN_UNUSED_VARIABLE = YES;
				IPHONEOS_DEPLOYMENT_TARGET = 9.3;
				MTL_ENABLE_DEBUG_INFO = NO;
				SDKROOT = iphoneos;
				VALIDATE_PRODUCT = YES;
			};
			name = Release;
		};
		178D75351D51210000D52600 /* Debug */ = {
			isa = XCBuildConfiguration;
			buildSettings = {
				ASSETCATALOG_COMPILER_APPICON_NAME = AppIcon;
				INFOPLIST_FILE = EvoCalc/Info.plist;
				LD_RUNPATH_SEARCH_PATHS = "$(inherited) @executable_path/Frameworks";
				PRODUCT_BUNDLE_IDENTIFIER = fschweizer.com.EvoCalc;
				PRODUCT_NAME = "$(TARGET_NAME)";
			};
			name = Debug;
		};
		178D75361D51210000D52600 /* Release */ = {
			isa = XCBuildConfiguration;
			buildSettings = {
				ASSETCATALOG_COMPILER_APPICON_NAME = AppIcon;
				INFOPLIST_FILE = EvoCalc/Info.plist;
				LD_RUNPATH_SEARCH_PATHS = "$(inherited) @executable_path/Frameworks";
				PRODUCT_BUNDLE_IDENTIFIER = fschweizer.com.EvoCalc;
				PRODUCT_NAME = "$(TARGET_NAME)";
			};
			name = Release;
		};
		178D75381D51210000D52600 /* Debug */ = {
			isa = XCBuildConfiguration;
			buildSettings = {
				BUNDLE_LOADER = "$(TEST_HOST)";
				INFOPLIST_FILE = EvoCalcTests/Info.plist;
				LD_RUNPATH_SEARCH_PATHS = "$(inherited) @executable_path/Frameworks @loader_path/Frameworks";
				PRODUCT_BUNDLE_IDENTIFIER = fschweizer.com.EvoCalcTests;
				PRODUCT_NAME = "$(TARGET_NAME)";
				TEST_HOST = "$(BUILT_PRODUCTS_DIR)/EvoCalc.app/EvoCalc";
			};
			name = Debug;
		};
		178D75391D51210000D52600 /* Release */ = {
			isa = XCBuildConfiguration;
			buildSettings = {
				BUNDLE_LOADER = "$(TEST_HOST)";
				INFOPLIST_FILE = EvoCalcTests/Info.plist;
				LD_RUNPATH_SEARCH_PATHS = "$(inherited) @executable_path/Frameworks @loader_path/Frameworks";
				PRODUCT_BUNDLE_IDENTIFIER = fschweizer.com.EvoCalcTests;
				PRODUCT_NAME = "$(TARGET_NAME)";
				TEST_HOST = "$(BUILT_PRODUCTS_DIR)/EvoCalc.app/EvoCalc";
			};
			name = Release;
		};
		178D753B1D51210000D52600 /* Debug */ = {
			isa = XCBuildConfiguration;
			buildSettings = {
				INFOPLIST_FILE = EvoCalcUITests/Info.plist;
				LD_RUNPATH_SEARCH_PATHS = "$(inherited) @executable_path/Frameworks @loader_path/Frameworks";
				PRODUCT_BUNDLE_IDENTIFIER = fschweizer.com.EvoCalcUITests;
				PRODUCT_NAME = "$(TARGET_NAME)";
				TEST_TARGET_NAME = EvoCalc;
			};
			name = Debug;
		};
		178D753C1D51210000D52600 /* Release */ = {
			isa = XCBuildConfiguration;
			buildSettings = {
				INFOPLIST_FILE = EvoCalcUITests/Info.plist;
				LD_RUNPATH_SEARCH_PATHS = "$(inherited) @executable_path/Frameworks @loader_path/Frameworks";
				PRODUCT_BUNDLE_IDENTIFIER = fschweizer.com.EvoCalcUITests;
				PRODUCT_NAME = "$(TARGET_NAME)";
				TEST_TARGET_NAME = EvoCalc;
			};
			name = Release;
		};
/* End XCBuildConfiguration section */

/* Begin XCConfigurationList section */
		178D75071D51210000D52600 /* Build configuration list for PBXProject "EvoCalc" */ = {
			isa = XCConfigurationList;
			buildConfigurations = (
				178D75321D51210000D52600 /* Debug */,
				178D75331D51210000D52600 /* Release */,
			);
			defaultConfigurationIsVisible = 0;
			defaultConfigurationName = Release;
		};
		178D75341D51210000D52600 /* Build configuration list for PBXNativeTarget "EvoCalc" */ = {
			isa = XCConfigurationList;
			buildConfigurations = (
				178D75351D51210000D52600 /* Debug */,
				178D75361D51210000D52600 /* Release */,
			);
			defaultConfigurationIsVisible = 0;
		};
		178D75371D51210000D52600 /* Build configuration list for PBXNativeTarget "EvoCalcTests" */ = {
			isa = XCConfigurationList;
			buildConfigurations = (
				178D75381D51210000D52600 /* Debug */,
				178D75391D51210000D52600 /* Release */,
			);
			defaultConfigurationIsVisible = 0;
		};
		178D753A1D51210000D52600 /* Build configuration list for PBXNativeTarget "EvoCalcUITests" */ = {
			isa = XCConfigurationList;
			buildConfigurations = (
				178D753B1D51210000D52600 /* Debug */,
				178D753C1D51210000D52600 /* Release */,
			);
			defaultConfigurationIsVisible = 0;
		};
/* End XCConfigurationList section */
	};
	rootObject = 178D75041D51210000D52600 /* Project object */;
}
